
Microsoft Visual Studio Solution File, Format Version 12.00
# Visual Studio Version 17
VisualStudioVersion = 17.4.33122.133
MinimumVisualStudioVersion = 10.0.40219.1
Project("{9A19103F-16F7-4668-BE54-9A1E7A4F7556}") = "SzoftArchHazi.Frontend", "SzoftArchHazi.Frontend\SzoftArchHazi.Frontend.csproj", "{6E660E47-F98E-426A-8E4E-D33BDD9F3C86}"
EndProject
Project("{9A19103F-16F7-4668-BE54-9A1E7A4F7556}") = "SzoftArchHazi.Api", "SzoftArchHazi.Api\SzoftArchHazi.Api.csproj", "{2DA05C1B-04FA-4678-9BF6-52E7F98EC36C}"
<<<<<<< HEAD
EndProject
Project("{9A19103F-16F7-4668-BE54-9A1E7A4F7556}") = "SzoftArchHazi.Data", "SzoftArchHazi.Data\SzoftArchHazi.Data.csproj", "{FCB862D8-B308-4759-9647-9D1C091CA475}"
EndProject
Project("{FAE04EC0-301F-11D3-BF4B-00C04F79EFBC}") = "SzoftArchHazi.Common", "SzoftArchHazi.Common\SzoftArchHazi.Common.csproj", "{DEC91F69-741D-49A3-A1AF-30194060461E}"
=======
	ProjectSection(ProjectDependencies) = postProject
		{FCB862D8-B308-4759-9647-9D1C091CA475} = {FCB862D8-B308-4759-9647-9D1C091CA475}
	EndProjectSection
EndProject
Project("{9A19103F-16F7-4668-BE54-9A1E7A4F7556}") = "SzoftArchHazi.Data", "SzoftArchHazi.Data\SzoftArchHazi.Data.csproj", "{FCB862D8-B308-4759-9647-9D1C091CA475}"
>>>>>>> develop
EndProject
Global
	GlobalSection(SolutionConfigurationPlatforms) = preSolution
		Debug|Any CPU = Debug|Any CPU
		Release|Any CPU = Release|Any CPU
	EndGlobalSection
	GlobalSection(ProjectConfigurationPlatforms) = postSolution
		{6E660E47-F98E-426A-8E4E-D33BDD9F3C86}.Debug|Any CPU.ActiveCfg = Debug|Any CPU
		{6E660E47-F98E-426A-8E4E-D33BDD9F3C86}.Debug|Any CPU.Build.0 = Debug|Any CPU
		{6E660E47-F98E-426A-8E4E-D33BDD9F3C86}.Release|Any CPU.ActiveCfg = Release|Any CPU
		{6E660E47-F98E-426A-8E4E-D33BDD9F3C86}.Release|Any CPU.Build.0 = Release|Any CPU
		{2DA05C1B-04FA-4678-9BF6-52E7F98EC36C}.Debug|Any CPU.ActiveCfg = Debug|Any CPU
		{2DA05C1B-04FA-4678-9BF6-52E7F98EC36C}.Debug|Any CPU.Build.0 = Debug|Any CPU
		{2DA05C1B-04FA-4678-9BF6-52E7F98EC36C}.Release|Any CPU.ActiveCfg = Release|Any CPU
		{2DA05C1B-04FA-4678-9BF6-52E7F98EC36C}.Release|Any CPU.Build.0 = Release|Any CPU
		{FCB862D8-B308-4759-9647-9D1C091CA475}.Debug|Any CPU.ActiveCfg = Debug|Any CPU
		{FCB862D8-B308-4759-9647-9D1C091CA475}.Debug|Any CPU.Build.0 = Debug|Any CPU
		{FCB862D8-B308-4759-9647-9D1C091CA475}.Release|Any CPU.ActiveCfg = Release|Any CPU
		{FCB862D8-B308-4759-9647-9D1C091CA475}.Release|Any CPU.Build.0 = Release|Any CPU
		{DEC91F69-741D-49A3-A1AF-30194060461E}.Debug|Any CPU.ActiveCfg = Debug|Any CPU
		{DEC91F69-741D-49A3-A1AF-30194060461E}.Debug|Any CPU.Build.0 = Debug|Any CPU
		{DEC91F69-741D-49A3-A1AF-30194060461E}.Release|Any CPU.ActiveCfg = Release|Any CPU
		{DEC91F69-741D-49A3-A1AF-30194060461E}.Release|Any CPU.Build.0 = Release|Any CPU
	EndGlobalSection
	GlobalSection(SolutionProperties) = preSolution
		HideSolutionNode = FALSE
	EndGlobalSection
	GlobalSection(ExtensibilityGlobals) = postSolution
		SolutionGuid = {6F72D23B-8C2A-419B-A4A5-EA900412B52D}
	EndGlobalSection
EndGlobal
